
Microsoft Visual Studio Solution File, Format Version 12.00
# Visual Studio Version 17
VisualStudioVersion = 17.7.34009.444
MinimumVisualStudioVersion = 10.0.40219.1
Project("{FAE04EC0-301F-11D3-BF4B-00C04F79EFBC}") = "HelloWorld", "HelloWorld.csproj", "{C431FD01-CAD4-46B9-864A-6FF1C602D37D}"
EndProject
Global
	GlobalSection(SolutionConfigurationPlatforms) = preSolution
		Debug|Any CPU = Debug|Any CPU
		Release|Any CPU = Release|Any CPU
	EndGlobalSection
	GlobalSection(ProjectConfigurationPlatforms) = postSolution
		{C431FD01-CAD4-46B9-864A-6FF1C602D37D}.Debug|Any CPU.ActiveCfg = Debug|Any CPU
		{C431FD01-CAD4-46B9-864A-6FF1C602D37D}.Debug|Any CPU.Build.0 = Debug|Any CPU
		{C431FD01-CAD4-46B9-864A-6FF1C602D37D}.Release|Any CPU.ActiveCfg = Release|Any CPU
		{C431FD01-CAD4-46B9-864A-6FF1C602D37D}.Release|Any CPU.Build.0 = Release|Any CPU
	EndGlobalSection
	GlobalSection(SolutionProperties) = preSolution
		HideSolutionNode = FALSE
	EndGlobalSection
	GlobalSection(ExtensibilityGlobals) = postSolution
		SolutionGuid = {8D24744C-5BFC-47B6-AAF5-6FC5E66ABBCF}
	EndGlobalSection
EndGlobal
